
Microsoft Visual Studio Solution File, Format Version 12.00
# Visual Studio 2013
VisualStudioVersion = 12.0.21005.1
MinimumVisualStudioVersion = 10.0.40219.1
Project("{FAE04EC0-301F-11D3-BF4B-00C04F79EFBC}") = "HRMS", "HRMS\HRMS.csproj", "{A1EE3577-57D4-410C-A6C1-6548701728C1}"
EndProject
Project("{FAE04EC0-301F-11D3-BF4B-00C04F79EFBC}") = "HRMS.Tests", "HRMS.Tests\HRMS.Tests.csproj", "{779AEBDC-5459-4A2C-83AA-D441E3472918}"
EndProject
Project("{FAE04EC0-301F-11D3-BF4B-00C04F79EFBC}") = "HRMS.UI", "HRMS.UI\HRMS.UI.csproj", "{694D8F59-50F0-4785-8408-BD67FB6E76F2}"
EndProject
Global
	GlobalSection(SolutionConfigurationPlatforms) = preSolution
		Debug|Any CPU = Debug|Any CPU
		Release|Any CPU = Release|Any CPU
	EndGlobalSection
	GlobalSection(ProjectConfigurationPlatforms) = postSolution
		{A1EE3577-57D4-410C-A6C1-6548701728C1}.Debug|Any CPU.ActiveCfg = Debug|Any CPU
		{A1EE3577-57D4-410C-A6C1-6548701728C1}.Debug|Any CPU.Build.0 = Debug|Any CPU
		{A1EE3577-57D4-410C-A6C1-6548701728C1}.Release|Any CPU.ActiveCfg = Release|Any CPU
		{A1EE3577-57D4-410C-A6C1-6548701728C1}.Release|Any CPU.Build.0 = Release|Any CPU
		{779AEBDC-5459-4A2C-83AA-D441E3472918}.Debug|Any CPU.ActiveCfg = Debug|Any CPU
		{779AEBDC-5459-4A2C-83AA-D441E3472918}.Debug|Any CPU.Build.0 = Debug|Any CPU
		{779AEBDC-5459-4A2C-83AA-D441E3472918}.Release|Any CPU.ActiveCfg = Release|Any CPU
		{779AEBDC-5459-4A2C-83AA-D441E3472918}.Release|Any CPU.Build.0 = Release|Any CPU
		{694D8F59-50F0-4785-8408-BD67FB6E76F2}.Debug|Any CPU.ActiveCfg = Debug|Any CPU
		{694D8F59-50F0-4785-8408-BD67FB6E76F2}.Debug|Any CPU.Build.0 = Debug|Any CPU
		{694D8F59-50F0-4785-8408-BD67FB6E76F2}.Release|Any CPU.ActiveCfg = Release|Any CPU
		{694D8F59-50F0-4785-8408-BD67FB6E76F2}.Release|Any CPU.Build.0 = Release|Any CPU
	EndGlobalSection
	GlobalSection(SolutionProperties) = preSolution
		HideSolutionNode = FALSE
	EndGlobalSection
EndGlobal
